
Microsoft Visual Studio Solution File, Format Version 12.00
# Visual Studio Version 16
VisualStudioVersion = 16.0.30621.155
MinimumVisualStudioVersion = 10.0.40219.1
Project("{FAE04EC0-301F-11D3-BF4B-00C04F79EFBC}") = "Petrina_Ioana_Lab6", "Petrina_Ioana_Lab6.csproj", "{C1B14F26-71F7-41BC-9FE0-56E7FE4D24C7}"
EndProject
Global
	GlobalSection(SolutionConfigurationPlatforms) = preSolution
		Debug|Any CPU = Debug|Any CPU
		Release|Any CPU = Release|Any CPU
	EndGlobalSection
	GlobalSection(ProjectConfigurationPlatforms) = postSolution
		{C1B14F26-71F7-41BC-9FE0-56E7FE4D24C7}.Debug|Any CPU.ActiveCfg = Debug|Any CPU
		{C1B14F26-71F7-41BC-9FE0-56E7FE4D24C7}.Debug|Any CPU.Build.0 = Debug|Any CPU
		{C1B14F26-71F7-41BC-9FE0-56E7FE4D24C7}.Release|Any CPU.ActiveCfg = Release|Any CPU
		{C1B14F26-71F7-41BC-9FE0-56E7FE4D24C7}.Release|Any CPU.Build.0 = Release|Any CPU
	EndGlobalSection
	GlobalSection(SolutionProperties) = preSolution
		HideSolutionNode = FALSE
	EndGlobalSection
	GlobalSection(ExtensibilityGlobals) = postSolution
		SolutionGuid = {C54AB931-9CAA-4A7B-B9F8-D64FFCC8173C}
	EndGlobalSection
EndGlobal
